// !$*UTF8*$!
{
	archiveVersion = 1;
	classes = {
	};
	objectVersion = 56;
	objects = {

/* Begin PBXBuildFile section */
		102968992B191D140036CD70 /* AuthorisationPage.swift in Sources */ = {isa = PBXBuildFile; fileRef = 102968982B191D140036CD70 /* AuthorisationPage.swift */; };
		1029689C2B191E3F0036CD70 /* VKViewController + Extension.swift in Sources */ = {isa = PBXBuildFile; fileRef = 1029689B2B191E3F0036CD70 /* VKViewController + Extension.swift */; };
		102968A22B195AA40036CD70 /* NetworkService.swift in Sources */ = {isa = PBXBuildFile; fileRef = 102968A12B195AA40036CD70 /* NetworkService.swift */; };
		102968A52B1A1FB10036CD70 /* ModelFriend.swift in Sources */ = {isa = PBXBuildFile; fileRef = 102968A42B1A1FB10036CD70 /* ModelFriend.swift */; };
		102968A82B1A34200036CD70 /* Constants.swift in Sources */ = {isa = PBXBuildFile; fileRef = 102968A72B1A34200036CD70 /* Constants.swift */; };
		102968AA2B1A485B0036CD70 /* ModelGroup.swift in Sources */ = {isa = PBXBuildFile; fileRef = 102968A92B1A485B0036CD70 /* ModelGroup.swift */; };
		102968AC2B1A6DB50036CD70 /* PhotoModel.swift in Sources */ = {isa = PBXBuildFile; fileRef = 102968AB2B1A6DB50036CD70 /* PhotoModel.swift */; };
		105813DB2B11FEB2007433FD /* CustomTableViewCell.swift in Sources */ = {isa = PBXBuildFile; fileRef = 105813DA2B11FEB2007433FD /* CustomTableViewCell.swift */; };
		105813DD2B121CD8007433FD /* CustomCollectionViewCell.swift in Sources */ = {isa = PBXBuildFile; fileRef = 105813DC2B121CD8007433FD /* CustomCollectionViewCell.swift */; };
		105813DF2B122372007433FD /* ImageViewController.swift in Sources */ = {isa = PBXBuildFile; fileRef = 105813DE2B122372007433FD /* ImageViewController.swift */; };
		107279202B307220008DF35C /* StartPageTabBarController + Extension.swift in Sources */ = {isa = PBXBuildFile; fileRef = 1072791F2B307220008DF35C /* StartPageTabBarController + Extension.swift */; };
		107279302B31B2C2008DF35C /* NetworkService + Extension.swift in Sources */ = {isa = PBXBuildFile; fileRef = 1072792F2B31B2C2008DF35C /* NetworkService + Extension.swift */; };
		1072FFDA2B11491900B8BFB4 /* FriendsPageTableViewController.swift in Sources */ = {isa = PBXBuildFile; fileRef = 1072FFD92B11491900B8BFB4 /* FriendsPageTableViewController.swift */; };
		1072FFDC2B11495500B8BFB4 /* GroupsPageTableViewController.swift in Sources */ = {isa = PBXBuildFile; fileRef = 1072FFDB2B11495500B8BFB4 /* GroupsPageTableViewController.swift */; };
		1072FFDE2B1149A100B8BFB4 /* PhotosPageCollectionViewController.swift in Sources */ = {isa = PBXBuildFile; fileRef = 1072FFDD2B1149A100B8BFB4 /* PhotosPageCollectionViewController.swift */; };
		1075E22C2B0FE1D700BDFD07 /* MainTabBarViewController.swift in Sources */ = {isa = PBXBuildFile; fileRef = 1075E22B2B0FE1D700BDFD07 /* MainTabBarViewController.swift */; };
		107CB55B2B12D5EE00A7A781 /* CustomGroupTableCell.swift in Sources */ = {isa = PBXBuildFile; fileRef = 107CB55A2B12D5EE00A7A781 /* CustomGroupTableCell.swift */; };
		10A4CAC42B0676B100BCCA13 /* AppDelegate.swift in Sources */ = {isa = PBXBuildFile; fileRef = 10A4CAC32B0676B100BCCA13 /* AppDelegate.swift */; };
		10A4CAC62B0676B100BCCA13 /* SceneDelegate.swift in Sources */ = {isa = PBXBuildFile; fileRef = 10A4CAC52B0676B100BCCA13 /* SceneDelegate.swift */; };
		10A4CACD2B0676B200BCCA13 /* Assets.xcassets in Resources */ = {isa = PBXBuildFile; fileRef = 10A4CACC2B0676B200BCCA13 /* Assets.xcassets */; };
		10C591C52B24AA33008493A3 /* UserModel.swift in Sources */ = {isa = PBXBuildFile; fileRef = 10C591C42B24AA33008493A3 /* UserModel.swift */; };
		10C591C72B24ADD5008493A3 /* UserPageViewController.swift in Sources */ = {isa = PBXBuildFile; fileRef = 10C591C62B24ADD5008493A3 /* UserPageViewController.swift */; };
		10D631AA2B36B0AB00B53594 /* ControllerManager.swift in Sources */ = {isa = PBXBuildFile; fileRef = 10D631A92B36B0AB00B53594 /* ControllerManager.swift */; };
		10EE03072B2A7B760061C23F /* ChangeThemeService.swift in Sources */ = {isa = PBXBuildFile; fileRef = 10EE03062B2A7B760061C23F /* ChangeThemeService.swift */; };
		10EE030A2B2A93A90061C23F /* ThemePageController.swift in Sources */ = {isa = PBXBuildFile; fileRef = 10EE03092B2A93A90061C23F /* ThemePageController.swift */; };
		10EE030E2B2AEE7C0061C23F /* CoreDataModel.xcdatamodeld in Sources */ = {isa = PBXBuildFile; fileRef = 10EE030C2B2AEE7C0061C23F /* CoreDataModel.xcdatamodeld */; };
		10EE03182B2AF0480061C23F /* DataService.swift in Sources */ = {isa = PBXBuildFile; fileRef = 10EE03172B2AF0480061C23F /* DataService.swift */; };
		10EE03312B2B04F50061C23F /* ModelFriendCD+CoreDataClass.swift in Sources */ = {isa = PBXBuildFile; fileRef = 10EE032D2B2B04F50061C23F /* ModelFriendCD+CoreDataClass.swift */; };
		10EE03322B2B04F50061C23F /* ModelFriendCD+CoreDataProperties.swift in Sources */ = {isa = PBXBuildFile; fileRef = 10EE032E2B2B04F50061C23F /* ModelFriendCD+CoreDataProperties.swift */; };
		10EE03332B2B04F50061C23F /* ModelGroupCD+CoreDataClass.swift in Sources */ = {isa = PBXBuildFile; fileRef = 10EE032F2B2B04F50061C23F /* ModelGroupCD+CoreDataClass.swift */; };
		10EE03342B2B04F50061C23F /* ModelGroupCD+CoreDataProperties.swift in Sources */ = {isa = PBXBuildFile; fileRef = 10EE03302B2B04F50061C23F /* ModelGroupCD+CoreDataProperties.swift */; };
		10EE03362B2B0D1D0061C23F /* FriendsPageTableViewController + Extension.swift in Sources */ = {isa = PBXBuildFile; fileRef = 10EE03352B2B0D1D0061C23F /* FriendsPageTableViewController + Extension.swift */; };
		10EE03382B2B0ECE0061C23F /* GroupsPageTableViewController + Extension.swift in Sources */ = {isa = PBXBuildFile; fileRef = 10EE03372B2B0ECE0061C23F /* GroupsPageTableViewController + Extension.swift */; };
		10F298602B35769B00F51D06 /* ThemeChangeDelegate.swift in Sources */ = {isa = PBXBuildFile; fileRef = 10F2985F2B35769B00F51D06 /* ThemeChangeDelegate.swift */; };
		10F89C4F2B2114AC00E392FC /* FuncUI.swift in Sources */ = {isa = PBXBuildFile; fileRef = 10F89C4E2B2114AC00E392FC /* FuncUI.swift */; };
/* End PBXBuildFile section */

/* Begin PBXContainerItemProxy section */
		10A4CAD72B0676B200BCCA13 /* PBXContainerItemProxy */ = {
			isa = PBXContainerItemProxy;
			containerPortal = 10A4CAB82B0676B100BCCA13 /* Project object */;
			proxyType = 1;
			remoteGlobalIDString = 10A4CABF2B0676B100BCCA13;
			remoteInfo = FirstAppUIKit;
		};
		10A4CAE12B0676B200BCCA13 /* PBXContainerItemProxy */ = {
			isa = PBXContainerItemProxy;
			containerPortal = 10A4CAB82B0676B100BCCA13 /* Project object */;
			proxyType = 1;
			remoteGlobalIDString = 10A4CABF2B0676B100BCCA13;
			remoteInfo = FirstAppUIKit;
		};
/* End PBXContainerItemProxy section */

/* Begin PBXFileReference section */
		102968982B191D140036CD70 /* AuthorisationPage.swift */ = {isa = PBXFileReference; lastKnownFileType = sourcecode.swift; path = AuthorisationPage.swift; sourceTree = "<group>"; };
		1029689B2B191E3F0036CD70 /* VKViewController + Extension.swift */ = {isa = PBXFileReference; lastKnownFileType = sourcecode.swift; path = "VKViewController + Extension.swift"; sourceTree = "<group>"; };
		102968A12B195AA40036CD70 /* NetworkService.swift */ = {isa = PBXFileReference; lastKnownFileType = sourcecode.swift; path = NetworkService.swift; sourceTree = "<group>"; };
		102968A42B1A1FB10036CD70 /* ModelFriend.swift */ = {isa = PBXFileReference; lastKnownFileType = sourcecode.swift; path = ModelFriend.swift; sourceTree = "<group>"; };
		102968A72B1A34200036CD70 /* Constants.swift */ = {isa = PBXFileReference; lastKnownFileType = sourcecode.swift; path = Constants.swift; sourceTree = "<group>"; };
		102968A92B1A485B0036CD70 /* ModelGroup.swift */ = {isa = PBXFileReference; lastKnownFileType = sourcecode.swift; path = ModelGroup.swift; sourceTree = "<group>"; };
		102968AB2B1A6DB50036CD70 /* PhotoModel.swift */ = {isa = PBXFileReference; lastKnownFileType = sourcecode.swift; path = PhotoModel.swift; sourceTree = "<group>"; };
		105813DA2B11FEB2007433FD /* CustomTableViewCell.swift */ = {isa = PBXFileReference; lastKnownFileType = sourcecode.swift; path = CustomTableViewCell.swift; sourceTree = "<group>"; };
		105813DC2B121CD8007433FD /* CustomCollectionViewCell.swift */ = {isa = PBXFileReference; lastKnownFileType = sourcecode.swift; path = CustomCollectionViewCell.swift; sourceTree = "<group>"; };
		105813DE2B122372007433FD /* ImageViewController.swift */ = {isa = PBXFileReference; lastKnownFileType = sourcecode.swift; path = ImageViewController.swift; sourceTree = "<group>"; };
		1072791F2B307220008DF35C /* StartPageTabBarController + Extension.swift */ = {isa = PBXFileReference; lastKnownFileType = sourcecode.swift; path = "StartPageTabBarController + Extension.swift"; sourceTree = "<group>"; };
		1072792F2B31B2C2008DF35C /* NetworkService + Extension.swift */ = {isa = PBXFileReference; lastKnownFileType = sourcecode.swift; path = "NetworkService + Extension.swift"; sourceTree = "<group>"; };
		1072FFD92B11491900B8BFB4 /* FriendsPageTableViewController.swift */ = {isa = PBXFileReference; lastKnownFileType = sourcecode.swift; path = FriendsPageTableViewController.swift; sourceTree = "<group>"; };
		1072FFDB2B11495500B8BFB4 /* GroupsPageTableViewController.swift */ = {isa = PBXFileReference; lastKnownFileType = sourcecode.swift; path = GroupsPageTableViewController.swift; sourceTree = "<group>"; };
		1072FFDD2B1149A100B8BFB4 /* PhotosPageCollectionViewController.swift */ = {isa = PBXFileReference; lastKnownFileType = sourcecode.swift; path = PhotosPageCollectionViewController.swift; sourceTree = "<group>"; };
		1075E22B2B0FE1D700BDFD07 /* MainTabBarViewController.swift */ = {isa = PBXFileReference; lastKnownFileType = sourcecode.swift; path = MainTabBarViewController.swift; sourceTree = "<group>"; };
		107CB55A2B12D5EE00A7A781 /* CustomGroupTableCell.swift */ = {isa = PBXFileReference; lastKnownFileType = sourcecode.swift; path = CustomGroupTableCell.swift; sourceTree = "<group>"; };
		10A4CAC02B0676B100BCCA13 /* FirstAppUIKit.app */ = {isa = PBXFileReference; explicitFileType = wrapper.application; includeInIndex = 0; path = FirstAppUIKit.app; sourceTree = BUILT_PRODUCTS_DIR; };
		10A4CAC32B0676B100BCCA13 /* AppDelegate.swift */ = {isa = PBXFileReference; lastKnownFileType = sourcecode.swift; path = AppDelegate.swift; sourceTree = "<group>"; };
		10A4CAC52B0676B100BCCA13 /* SceneDelegate.swift */ = {isa = PBXFileReference; lastKnownFileType = sourcecode.swift; path = SceneDelegate.swift; sourceTree = "<group>"; };
		10A4CACC2B0676B200BCCA13 /* Assets.xcassets */ = {isa = PBXFileReference; lastKnownFileType = folder.assetcatalog; path = Assets.xcassets; sourceTree = "<group>"; };
		10A4CAD12B0676B200BCCA13 /* Info.plist */ = {isa = PBXFileReference; lastKnownFileType = text.plist.xml; path = Info.plist; sourceTree = "<group>"; };
		10A4CAD62B0676B200BCCA13 /* FirstAppUIKitTests.xctest */ = {isa = PBXFileReference; explicitFileType = wrapper.cfbundle; includeInIndex = 0; path = FirstAppUIKitTests.xctest; sourceTree = BUILT_PRODUCTS_DIR; };
		10A4CAE02B0676B200BCCA13 /* FirstAppUIKitUITests.xctest */ = {isa = PBXFileReference; explicitFileType = wrapper.cfbundle; includeInIndex = 0; path = FirstAppUIKitUITests.xctest; sourceTree = BUILT_PRODUCTS_DIR; };
		10C591C42B24AA33008493A3 /* UserModel.swift */ = {isa = PBXFileReference; lastKnownFileType = sourcecode.swift; path = UserModel.swift; sourceTree = "<group>"; };
		10C591C62B24ADD5008493A3 /* UserPageViewController.swift */ = {isa = PBXFileReference; lastKnownFileType = sourcecode.swift; path = UserPageViewController.swift; sourceTree = "<group>"; };
		10D631A92B36B0AB00B53594 /* ControllerManager.swift */ = {isa = PBXFileReference; lastKnownFileType = sourcecode.swift; path = ControllerManager.swift; sourceTree = "<group>"; };
		10EE03062B2A7B760061C23F /* ChangeThemeService.swift */ = {isa = PBXFileReference; lastKnownFileType = sourcecode.swift; path = ChangeThemeService.swift; sourceTree = "<group>"; };
		10EE03092B2A93A90061C23F /* ThemePageController.swift */ = {isa = PBXFileReference; lastKnownFileType = sourcecode.swift; path = ThemePageController.swift; sourceTree = "<group>"; };
		10EE030D2B2AEE7C0061C23F /* CoreDataModel.xcdatamodel */ = {isa = PBXFileReference; lastKnownFileType = wrapper.xcdatamodel; path = CoreDataModel.xcdatamodel; sourceTree = "<group>"; };
		10EE03172B2AF0480061C23F /* DataService.swift */ = {isa = PBXFileReference; lastKnownFileType = sourcecode.swift; path = DataService.swift; sourceTree = "<group>"; };
		10EE032D2B2B04F50061C23F /* ModelFriendCD+CoreDataClass.swift */ = {isa = PBXFileReference; lastKnownFileType = sourcecode.swift; path = "ModelFriendCD+CoreDataClass.swift"; sourceTree = SOURCE_ROOT; };
		10EE032E2B2B04F50061C23F /* ModelFriendCD+CoreDataProperties.swift */ = {isa = PBXFileReference; lastKnownFileType = sourcecode.swift; path = "ModelFriendCD+CoreDataProperties.swift"; sourceTree = SOURCE_ROOT; };
		10EE032F2B2B04F50061C23F /* ModelGroupCD+CoreDataClass.swift */ = {isa = PBXFileReference; lastKnownFileType = sourcecode.swift; path = "ModelGroupCD+CoreDataClass.swift"; sourceTree = SOURCE_ROOT; };
		10EE03302B2B04F50061C23F /* ModelGroupCD+CoreDataProperties.swift */ = {isa = PBXFileReference; lastKnownFileType = sourcecode.swift; path = "ModelGroupCD+CoreDataProperties.swift"; sourceTree = SOURCE_ROOT; };
		10EE03352B2B0D1D0061C23F /* FriendsPageTableViewController + Extension.swift */ = {isa = PBXFileReference; lastKnownFileType = sourcecode.swift; path = "FriendsPageTableViewController + Extension.swift"; sourceTree = "<group>"; };
		10EE03372B2B0ECE0061C23F /* GroupsPageTableViewController + Extension.swift */ = {isa = PBXFileReference; lastKnownFileType = sourcecode.swift; path = "GroupsPageTableViewController + Extension.swift"; sourceTree = "<group>"; };
		10F2985F2B35769B00F51D06 /* ThemeChangeDelegate.swift */ = {isa = PBXFileReference; lastKnownFileType = sourcecode.swift; path = ThemeChangeDelegate.swift; sourceTree = "<group>"; };
		10F89C4E2B2114AC00E392FC /* FuncUI.swift */ = {isa = PBXFileReference; lastKnownFileType = sourcecode.swift; path = FuncUI.swift; sourceTree = "<group>"; };
/* End PBXFileReference section */

/* Begin PBXFrameworksBuildPhase section */
		10A4CABD2B0676B100BCCA13 /* Frameworks */ = {
			isa = PBXFrameworksBuildPhase;
			buildActionMask = 2147483647;
			files = (
			);
			runOnlyForDeploymentPostprocessing = 0;
		};
		10A4CAD32B0676B200BCCA13 /* Frameworks */ = {
			isa = PBXFrameworksBuildPhase;
			buildActionMask = 2147483647;
			files = (
			);
			runOnlyForDeploymentPostprocessing = 0;
		};
		10A4CADD2B0676B200BCCA13 /* Frameworks */ = {
			isa = PBXFrameworksBuildPhase;
			buildActionMask = 2147483647;
			files = (
			);
			runOnlyForDeploymentPostprocessing = 0;
		};
/* End PBXFrameworksBuildPhase section */

/* Begin PBXGroup section */
		1029689A2B191E0C0036CD70 /* Extensions */ = {
			isa = PBXGroup;
			children = (
				1029689B2B191E3F0036CD70 /* VKViewController + Extension.swift */,
				10EE03352B2B0D1D0061C23F /* FriendsPageTableViewController + Extension.swift */,
				10EE03372B2B0ECE0061C23F /* GroupsPageTableViewController + Extension.swift */,
				1072791F2B307220008DF35C /* StartPageTabBarController + Extension.swift */,
				1072792F2B31B2C2008DF35C /* NetworkService + Extension.swift */,
			);
			path = Extensions;
			sourceTree = "<group>";
		};
		102968A02B195A8B0036CD70 /* Services */ = {
			isa = PBXGroup;
			children = (
				102968A12B195AA40036CD70 /* NetworkService.swift */,
				10EE03062B2A7B760061C23F /* ChangeThemeService.swift */,
				10EE03172B2AF0480061C23F /* DataService.swift */,
			);
			path = Services;
			sourceTree = "<group>";
		};
		102968A32B195B130036CD70 /* DataModels */ = {
			isa = PBXGroup;
			children = (
				10EE030B2B2AEE5F0061C23F /* CoreData */,
				102968A42B1A1FB10036CD70 /* ModelFriend.swift */,
				102968A92B1A485B0036CD70 /* ModelGroup.swift */,
				102968AB2B1A6DB50036CD70 /* PhotoModel.swift */,
				10C591C42B24AA33008493A3 /* UserModel.swift */,
			);
			path = DataModels;
			sourceTree = "<group>";
		};
		102968A62B1A33FD0036CD70 /* Resources */ = {
			isa = PBXGroup;
			children = (
				102968A72B1A34200036CD70 /* Constants.swift */,
				10F89C4E2B2114AC00E392FC /* FuncUI.swift */,
			);
			path = Resources;
			sourceTree = "<group>";
		};
		10A4CAB72B0676B100BCCA13 = {
			isa = PBXGroup;
			children = (
				10A4CAC22B0676B100BCCA13 /* FirstAppUIKit */,
				10A4CAC12B0676B100BCCA13 /* Products */,
			);
			sourceTree = "<group>";
		};
		10A4CAC12B0676B100BCCA13 /* Products */ = {
			isa = PBXGroup;
			children = (
				10A4CAC02B0676B100BCCA13 /* FirstAppUIKit.app */,
				10A4CAD62B0676B200BCCA13 /* FirstAppUIKitTests.xctest */,
				10A4CAE02B0676B200BCCA13 /* FirstAppUIKitUITests.xctest */,
			);
			name = Products;
			sourceTree = "<group>";
		};
		10A4CAC22B0676B100BCCA13 /* FirstAppUIKit */ = {
			isa = PBXGroup;
			children = (
				10EBC1E32B278DFE002C3F85 /* Controllers */,
				10AF03AF2B2F335D0050A877 /* View */,
				10AF03AE2B2F33530050A877 /* Model */,
				10A4CACC2B0676B200BCCA13 /* Assets.xcassets */,
				10A4CAD12B0676B200BCCA13 /* Info.plist */,
			);
			path = FirstAppUIKit;
			sourceTree = "<group>";
		};
		10AF03AE2B2F33530050A877 /* Model */ = {
			isa = PBXGroup;
			children = (
				10F2985E2B35767B00F51D06 /* Protocols */,
				1029689A2B191E0C0036CD70 /* Extensions */,
				102968A02B195A8B0036CD70 /* Services */,
				102968A62B1A33FD0036CD70 /* Resources */,
				102968A32B195B130036CD70 /* DataModels */,
				10EBC1E02B278CCE002C3F85 /* Delegates */,
			);
			path = Model;
			sourceTree = "<group>";
		};
		10AF03AF2B2F335D0050A877 /* View */ = {
			isa = PBXGroup;
			children = (
				10EBC1E12B278CFD002C3F85 /* Cells */,
			);
			path = View;
			sourceTree = "<group>";
		};
		10EBC1E02B278CCE002C3F85 /* Delegates */ = {
			isa = PBXGroup;
			children = (
				10A4CAC52B0676B100BCCA13 /* SceneDelegate.swift */,
				10A4CAC32B0676B100BCCA13 /* AppDelegate.swift */,
			);
			path = Delegates;
			sourceTree = "<group>";
		};
		10EBC1E12B278CFD002C3F85 /* Cells */ = {
			isa = PBXGroup;
			children = (
				105813DC2B121CD8007433FD /* CustomCollectionViewCell.swift */,
				107CB55A2B12D5EE00A7A781 /* CustomGroupTableCell.swift */,
				105813DA2B11FEB2007433FD /* CustomTableViewCell.swift */,
			);
			path = Cells;
			sourceTree = "<group>";
		};
		10EBC1E32B278DFE002C3F85 /* Controllers */ = {
			isa = PBXGroup;
			children = (
				105813DE2B122372007433FD /* ImageViewController.swift */,
				1072FFD92B11491900B8BFB4 /* FriendsPageTableViewController.swift */,
				1075E22B2B0FE1D700BDFD07 /* MainTabBarViewController.swift */,
				1072FFDD2B1149A100B8BFB4 /* PhotosPageCollectionViewController.swift */,
				1072FFDB2B11495500B8BFB4 /* GroupsPageTableViewController.swift */,
				10C591C62B24ADD5008493A3 /* UserPageViewController.swift */,
				10EE03092B2A93A90061C23F /* ThemePageController.swift */,
				102968982B191D140036CD70 /* AuthorisationPage.swift */,
				10D631A92B36B0AB00B53594 /* ControllerManager.swift */,
			);
			path = Controllers;
			sourceTree = "<group>";
		};
		10EE030B2B2AEE5F0061C23F /* CoreData */ = {
			isa = PBXGroup;
			children = (
				10EE032D2B2B04F50061C23F /* ModelFriendCD+CoreDataClass.swift */,
				10EE032E2B2B04F50061C23F /* ModelFriendCD+CoreDataProperties.swift */,
				10EE032F2B2B04F50061C23F /* ModelGroupCD+CoreDataClass.swift */,
				10EE03302B2B04F50061C23F /* ModelGroupCD+CoreDataProperties.swift */,
				10EE030C2B2AEE7C0061C23F /* CoreDataModel.xcdatamodeld */,
			);
			path = CoreData;
			sourceTree = "<group>";
		};
		10F2985E2B35767B00F51D06 /* Protocols */ = {
			isa = PBXGroup;
			children = (
				10F2985F2B35769B00F51D06 /* ThemeChangeDelegate.swift */,
			);
			path = Protocols;
			sourceTree = "<group>";
		};
/* End PBXGroup section */

/* Begin PBXNativeTarget section */
		10A4CABF2B0676B100BCCA13 /* FirstAppUIKit */ = {
			isa = PBXNativeTarget;
			buildConfigurationList = 10A4CAEA2B0676B200BCCA13 /* Build configuration list for PBXNativeTarget "FirstAppUIKit" */;
			buildPhases = (
				10A4CABC2B0676B100BCCA13 /* Sources */,
				10A4CABD2B0676B100BCCA13 /* Frameworks */,
				10A4CABE2B0676B100BCCA13 /* Resources */,
			);
			buildRules = (
			);
			dependencies = (
			);
			name = FirstAppUIKit;
			productName = FirstAppUIKit;
			productReference = 10A4CAC02B0676B100BCCA13 /* FirstAppUIKit.app */;
			productType = "com.apple.product-type.application";
		};
		10A4CAD52B0676B200BCCA13 /* FirstAppUIKitTests */ = {
			isa = PBXNativeTarget;
			buildConfigurationList = 10A4CAED2B0676B200BCCA13 /* Build configuration list for PBXNativeTarget "FirstAppUIKitTests" */;
			buildPhases = (
				10A4CAD22B0676B200BCCA13 /* Sources */,
				10A4CAD32B0676B200BCCA13 /* Frameworks */,
				10A4CAD42B0676B200BCCA13 /* Resources */,
			);
			buildRules = (
			);
			dependencies = (
				10A4CAD82B0676B200BCCA13 /* PBXTargetDependency */,
			);
			name = FirstAppUIKitTests;
			productName = FirstAppUIKitTests;
			productReference = 10A4CAD62B0676B200BCCA13 /* FirstAppUIKitTests.xctest */;
			productType = "com.apple.product-type.bundle.unit-test";
		};
		10A4CADF2B0676B200BCCA13 /* FirstAppUIKitUITests */ = {
			isa = PBXNativeTarget;
			buildConfigurationList = 10A4CAF02B0676B200BCCA13 /* Build configuration list for PBXNativeTarget "FirstAppUIKitUITests" */;
			buildPhases = (
				10A4CADC2B0676B200BCCA13 /* Sources */,
				10A4CADD2B0676B200BCCA13 /* Frameworks */,
				10A4CADE2B0676B200BCCA13 /* Resources */,
			);
			buildRules = (
			);
			dependencies = (
				10A4CAE22B0676B200BCCA13 /* PBXTargetDependency */,
			);
			name = FirstAppUIKitUITests;
			productName = FirstAppUIKitUITests;
			productReference = 10A4CAE02B0676B200BCCA13 /* FirstAppUIKitUITests.xctest */;
			productType = "com.apple.product-type.bundle.ui-testing";
		};
/* End PBXNativeTarget section */

/* Begin PBXProject section */
		10A4CAB82B0676B100BCCA13 /* Project object */ = {
			isa = PBXProject;
			attributes = {
				BuildIndependentTargetsInParallel = 1;
				LastSwiftUpdateCheck = 1500;
				LastUpgradeCheck = 1500;
				TargetAttributes = {
					10A4CABF2B0676B100BCCA13 = {
						CreatedOnToolsVersion = 15.0.1;
					};
					10A4CAD52B0676B200BCCA13 = {
						CreatedOnToolsVersion = 15.0.1;
						TestTargetID = 10A4CABF2B0676B100BCCA13;
					};
					10A4CADF2B0676B200BCCA13 = {
						CreatedOnToolsVersion = 15.0.1;
						TestTargetID = 10A4CABF2B0676B100BCCA13;
					};
				};
			};
			buildConfigurationList = 10A4CABB2B0676B100BCCA13 /* Build configuration list for PBXProject "FirstAppUIKit" */;
			compatibilityVersion = "Xcode 14.0";
			developmentRegion = en;
			hasScannedForEncodings = 0;
			knownRegions = (
				en,
				Base,
			);
			mainGroup = 10A4CAB72B0676B100BCCA13;
			productRefGroup = 10A4CAC12B0676B100BCCA13 /* Products */;
			projectDirPath = "";
			projectRoot = "";
			targets = (
				10A4CABF2B0676B100BCCA13 /* FirstAppUIKit */,
				10A4CAD52B0676B200BCCA13 /* FirstAppUIKitTests */,
				10A4CADF2B0676B200BCCA13 /* FirstAppUIKitUITests */,
			);
		};
/* End PBXProject section */

/* Begin PBXResourcesBuildPhase section */
		10A4CABE2B0676B100BCCA13 /* Resources */ = {
			isa = PBXResourcesBuildPhase;
			buildActionMask = 2147483647;
			files = (
				10A4CACD2B0676B200BCCA13 /* Assets.xcassets in Resources */,
			);
			runOnlyForDeploymentPostprocessing = 0;
		};
		10A4CAD42B0676B200BCCA13 /* Resources */ = {
			isa = PBXResourcesBuildPhase;
			buildActionMask = 2147483647;
			files = (
			);
			runOnlyForDeploymentPostprocessing = 0;
		};
		10A4CADE2B0676B200BCCA13 /* Resources */ = {
			isa = PBXResourcesBuildPhase;
			buildActionMask = 2147483647;
			files = (
			);
			runOnlyForDeploymentPostprocessing = 0;
		};
/* End PBXResourcesBuildPhase section */

/* Begin PBXSourcesBuildPhase section */
		10A4CABC2B0676B100BCCA13 /* Sources */ = {
			isa = PBXSourcesBuildPhase;
			buildActionMask = 2147483647;
			files = (
				10D631AA2B36B0AB00B53594 /* ControllerManager.swift in Sources */,
				10EE03332B2B04F50061C23F /* ModelGroupCD+CoreDataClass.swift in Sources */,
				107279302B31B2C2008DF35C /* NetworkService + Extension.swift in Sources */,
				1029689C2B191E3F0036CD70 /* VKViewController + Extension.swift in Sources */,
				102968A82B1A34200036CD70 /* Constants.swift in Sources */,
				107279202B307220008DF35C /* StartPageTabBarController + Extension.swift in Sources */,
				10F89C4F2B2114AC00E392FC /* FuncUI.swift in Sources */,
				1075E22C2B0FE1D700BDFD07 /* MainTabBarViewController.swift in Sources */,
				10EE03182B2AF0480061C23F /* DataService.swift in Sources */,
				105813DD2B121CD8007433FD /* CustomCollectionViewCell.swift in Sources */,
				10EE03382B2B0ECE0061C23F /* GroupsPageTableViewController + Extension.swift in Sources */,
				10EE03362B2B0D1D0061C23F /* FriendsPageTableViewController + Extension.swift in Sources */,
				102968AC2B1A6DB50036CD70 /* PhotoModel.swift in Sources */,
				10C591C72B24ADD5008493A3 /* UserPageViewController.swift in Sources */,
				105813DF2B122372007433FD /* ImageViewController.swift in Sources */,
				102968A52B1A1FB10036CD70 /* ModelFriend.swift in Sources */,
				10EE03322B2B04F50061C23F /* ModelFriendCD+CoreDataProperties.swift in Sources */,
				10EE03312B2B04F50061C23F /* ModelFriendCD+CoreDataClass.swift in Sources */,
				107CB55B2B12D5EE00A7A781 /* CustomGroupTableCell.swift in Sources */,
				10EE030A2B2A93A90061C23F /* ThemePageController.swift in Sources */,
				10EE03072B2A7B760061C23F /* ChangeThemeService.swift in Sources */,
				102968AA2B1A485B0036CD70 /* ModelGroup.swift in Sources */,
				10EE030E2B2AEE7C0061C23F /* CoreDataModel.xcdatamodeld in Sources */,
				105813DB2B11FEB2007433FD /* CustomTableViewCell.swift in Sources */,
				1072FFDC2B11495500B8BFB4 /* GroupsPageTableViewController.swift in Sources */,
				10F298602B35769B00F51D06 /* ThemeChangeDelegate.swift in Sources */,
				1072FFDA2B11491900B8BFB4 /* FriendsPageTableViewController.swift in Sources */,
				10EE03342B2B04F50061C23F /* ModelGroupCD+CoreDataProperties.swift in Sources */,
				102968A22B195AA40036CD70 /* NetworkService.swift in Sources */,
				1072FFDE2B1149A100B8BFB4 /* PhotosPageCollectionViewController.swift in Sources */,
				102968992B191D140036CD70 /* AuthorisationPage.swift in Sources */,
				10A4CAC42B0676B100BCCA13 /* AppDelegate.swift in Sources */,
				10C591C52B24AA33008493A3 /* UserModel.swift in Sources */,
				10A4CAC62B0676B100BCCA13 /* SceneDelegate.swift in Sources */,
			);
			runOnlyForDeploymentPostprocessing = 0;
		};
		10A4CAD22B0676B200BCCA13 /* Sources */ = {
			isa = PBXSourcesBuildPhase;
			buildActionMask = 2147483647;
			files = (
			);
			runOnlyForDeploymentPostprocessing = 0;
		};
		10A4CADC2B0676B200BCCA13 /* Sources */ = {
			isa = PBXSourcesBuildPhase;
			buildActionMask = 2147483647;
			files = (
			);
			runOnlyForDeploymentPostprocessing = 0;
		};
/* End PBXSourcesBuildPhase section */

/* Begin PBXTargetDependency section */
		10A4CAD82B0676B200BCCA13 /* PBXTargetDependency */ = {
			isa = PBXTargetDependency;
			target = 10A4CABF2B0676B100BCCA13 /* FirstAppUIKit */;
			targetProxy = 10A4CAD72B0676B200BCCA13 /* PBXContainerItemProxy */;
		};
		10A4CAE22B0676B200BCCA13 /* PBXTargetDependency */ = {
			isa = PBXTargetDependency;
			target = 10A4CABF2B0676B100BCCA13 /* FirstAppUIKit */;
			targetProxy = 10A4CAE12B0676B200BCCA13 /* PBXContainerItemProxy */;
		};
/* End PBXTargetDependency section */

/* Begin XCBuildConfiguration section */
		10A4CAE82B0676B200BCCA13 /* Debug */ = {
			isa = XCBuildConfiguration;
			buildSettings = {
				ALWAYS_SEARCH_USER_PATHS = NO;
				ASSETCATALOG_COMPILER_GENERATE_SWIFT_ASSET_SYMBOL_EXTENSIONS = YES;
				CLANG_ANALYZER_NONNULL = YES;
				CLANG_ANALYZER_NUMBER_OBJECT_CONVERSION = YES_AGGRESSIVE;
				CLANG_CXX_LANGUAGE_STANDARD = "gnu++20";
				CLANG_ENABLE_MODULES = YES;
				CLANG_ENABLE_OBJC_ARC = YES;
				CLANG_ENABLE_OBJC_WEAK = YES;
				CLANG_WARN_BLOCK_CAPTURE_AUTORELEASING = YES;
				CLANG_WARN_BOOL_CONVERSION = YES;
				CLANG_WARN_COMMA = YES;
				CLANG_WARN_CONSTANT_CONVERSION = YES;
				CLANG_WARN_DEPRECATED_OBJC_IMPLEMENTATIONS = YES;
				CLANG_WARN_DIRECT_OBJC_ISA_USAGE = YES_ERROR;
				CLANG_WARN_DOCUMENTATION_COMMENTS = YES;
				CLANG_WARN_EMPTY_BODY = YES;
				CLANG_WARN_ENUM_CONVERSION = YES;
				CLANG_WARN_INFINITE_RECURSION = YES;
				CLANG_WARN_INT_CONVERSION = YES;
				CLANG_WARN_NON_LITERAL_NULL_CONVERSION = YES;
				CLANG_WARN_OBJC_IMPLICIT_RETAIN_SELF = YES;
				CLANG_WARN_OBJC_LITERAL_CONVERSION = YES;
				CLANG_WARN_OBJC_ROOT_CLASS = YES_ERROR;
				CLANG_WARN_QUOTED_INCLUDE_IN_FRAMEWORK_HEADER = YES;
				CLANG_WARN_RANGE_LOOP_ANALYSIS = YES;
				CLANG_WARN_STRICT_PROTOTYPES = YES;
				CLANG_WARN_SUSPICIOUS_MOVE = YES;
				CLANG_WARN_UNGUARDED_AVAILABILITY = YES_AGGRESSIVE;
				CLANG_WARN_UNREACHABLE_CODE = YES;
				CLANG_WARN__DUPLICATE_METHOD_MATCH = YES;
				COPY_PHASE_STRIP = NO;
				DEBUG_INFORMATION_FORMAT = dwarf;
				ENABLE_STRICT_OBJC_MSGSEND = YES;
				ENABLE_TESTABILITY = YES;
				ENABLE_USER_SCRIPT_SANDBOXING = YES;
				GCC_C_LANGUAGE_STANDARD = gnu17;
				GCC_DYNAMIC_NO_PIC = NO;
				GCC_NO_COMMON_BLOCKS = YES;
				GCC_OPTIMIZATION_LEVEL = 0;
				GCC_PREPROCESSOR_DEFINITIONS = (
					"DEBUG=1",
					"$(inherited)",
				);
				GCC_WARN_64_TO_32_BIT_CONVERSION = YES;
				GCC_WARN_ABOUT_RETURN_TYPE = YES_ERROR;
				GCC_WARN_UNDECLARED_SELECTOR = YES;
				GCC_WARN_UNINITIALIZED_AUTOS = YES_AGGRESSIVE;
				GCC_WARN_UNUSED_FUNCTION = YES;
				GCC_WARN_UNUSED_VARIABLE = YES;
				IPHONEOS_DEPLOYMENT_TARGET = 17.0;
				LOCALIZATION_PREFERS_STRING_CATALOGS = YES;
				MTL_ENABLE_DEBUG_INFO = INCLUDE_SOURCE;
				MTL_FAST_MATH = YES;
				ONLY_ACTIVE_ARCH = YES;
				SDKROOT = iphoneos;
				SWIFT_ACTIVE_COMPILATION_CONDITIONS = "DEBUG $(inherited)";
				SWIFT_OPTIMIZATION_LEVEL = "-Onone";
			};
			name = Debug;
		};
		10A4CAE92B0676B200BCCA13 /* Release */ = {
			isa = XCBuildConfiguration;
			buildSettings = {
				ALWAYS_SEARCH_USER_PATHS = NO;
				ASSETCATALOG_COMPILER_GENERATE_SWIFT_ASSET_SYMBOL_EXTENSIONS = YES;
				CLANG_ANALYZER_NONNULL = YES;
				CLANG_ANALYZER_NUMBER_OBJECT_CONVERSION = YES_AGGRESSIVE;
				CLANG_CXX_LANGUAGE_STANDARD = "gnu++20";
				CLANG_ENABLE_MODULES = YES;
				CLANG_ENABLE_OBJC_ARC = YES;
				CLANG_ENABLE_OBJC_WEAK = YES;
				CLANG_WARN_BLOCK_CAPTURE_AUTORELEASING = YES;
				CLANG_WARN_BOOL_CONVERSION = YES;
				CLANG_WARN_COMMA = YES;
				CLANG_WARN_CONSTANT_CONVERSION = YES;
				CLANG_WARN_DEPRECATED_OBJC_IMPLEMENTATIONS = YES;
				CLANG_WARN_DIRECT_OBJC_ISA_USAGE = YES_ERROR;
				CLANG_WARN_DOCUMENTATION_COMMENTS = YES;
				CLANG_WARN_EMPTY_BODY = YES;
				CLANG_WARN_ENUM_CONVERSION = YES;
				CLANG_WARN_INFINITE_RECURSION = YES;
				CLANG_WARN_INT_CONVERSION = YES;
				CLANG_WARN_NON_LITERAL_NULL_CONVERSION = YES;
				CLANG_WARN_OBJC_IMPLICIT_RETAIN_SELF = YES;
				CLANG_WARN_OBJC_LITERAL_CONVERSION = YES;
				CLANG_WARN_OBJC_ROOT_CLASS = YES_ERROR;
				CLANG_WARN_QUOTED_INCLUDE_IN_FRAMEWORK_HEADER = YES;
				CLANG_WARN_RANGE_LOOP_ANALYSIS = YES;
				CLANG_WARN_STRICT_PROTOTYPES = YES;
				CLANG_WARN_SUSPICIOUS_MOVE = YES;
				CLANG_WARN_UNGUARDED_AVAILABILITY = YES_AGGRESSIVE;
				CLANG_WARN_UNREACHABLE_CODE = YES;
				CLANG_WARN__DUPLICATE_METHOD_MATCH = YES;
				COPY_PHASE_STRIP = NO;
				DEBUG_INFORMATION_FORMAT = "dwarf-with-dsym";
				ENABLE_NS_ASSERTIONS = NO;
				ENABLE_STRICT_OBJC_MSGSEND = YES;
				ENABLE_USER_SCRIPT_SANDBOXING = YES;
				GCC_C_LANGUAGE_STANDARD = gnu17;
				GCC_NO_COMMON_BLOCKS = YES;
				GCC_WARN_64_TO_32_BIT_CONVERSION = YES;
				GCC_WARN_ABOUT_RETURN_TYPE = YES_ERROR;
				GCC_WARN_UNDECLARED_SELECTOR = YES;
				GCC_WARN_UNINITIALIZED_AUTOS = YES_AGGRESSIVE;
				GCC_WARN_UNUSED_FUNCTION = YES;
				GCC_WARN_UNUSED_VARIABLE = YES;
				IPHONEOS_DEPLOYMENT_TARGET = 17.0;
				LOCALIZATION_PREFERS_STRING_CATALOGS = YES;
				MTL_ENABLE_DEBUG_INFO = NO;
				MTL_FAST_MATH = YES;
				SDKROOT = iphoneos;
				SWIFT_COMPILATION_MODE = wholemodule;
				VALIDATE_PRODUCT = YES;
			};
			name = Release;
		};
		10A4CAEB2B0676B200BCCA13 /* Debug */ = {
			isa = XCBuildConfiguration;
			buildSettings = {
				ASSETCATALOG_COMPILER_APPICON_NAME = AppIcon;
				ASSETCATALOG_COMPILER_GLOBAL_ACCENT_COLOR_NAME = AccentColor;
				CODE_SIGN_STYLE = Automatic;
				CURRENT_PROJECT_VERSION = 1;
				DEVELOPMENT_TEAM = A2U63MLX35;
				GENERATE_INFOPLIST_FILE = YES;
				INFOPLIST_FILE = FirstAppUIKit/Info.plist;
				INFOPLIST_KEY_UIApplicationSupportsIndirectInputEvents = YES;
				INFOPLIST_KEY_UILaunchStoryboardName = LaunchScreen;
				INFOPLIST_KEY_UISupportedInterfaceOrientations_iPad = "UIInterfaceOrientationPortrait UIInterfaceOrientationPortraitUpsideDown UIInterfaceOrientationLandscapeLeft UIInterfaceOrientationLandscapeRight";
				INFOPLIST_KEY_UISupportedInterfaceOrientations_iPhone = "UIInterfaceOrientationPortrait UIInterfaceOrientationLandscapeLeft UIInterfaceOrientationLandscapeRight";
				LD_RUNPATH_SEARCH_PATHS = (
					"$(inherited)",
					"@executable_path/Frameworks",
				);
				MARKETING_VERSION = 1.0;
				PRODUCT_BUNDLE_IDENTIFIER = AlexNoizzzz.FirstAppUIKit;
				PRODUCT_NAME = "$(TARGET_NAME)";
				SWIFT_EMIT_LOC_STRINGS = YES;
				SWIFT_VERSION = 5.0;
				TARGETED_DEVICE_FAMILY = "1,2";
			};
			name = Debug;
		};
		10A4CAEC2B0676B200BCCA13 /* Release */ = {
			isa = XCBuildConfiguration;
			buildSettings = {
				ASSETCATALOG_COMPILER_APPICON_NAME = AppIcon;
				ASSETCATALOG_COMPILER_GLOBAL_ACCENT_COLOR_NAME = AccentColor;
				CODE_SIGN_STYLE = Automatic;
				CURRENT_PROJECT_VERSION = 1;
				DEVELOPMENT_TEAM = A2U63MLX35;
				GENERATE_INFOPLIST_FILE = YES;
				INFOPLIST_FILE = FirstAppUIKit/Info.plist;
				INFOPLIST_KEY_UIApplicationSupportsIndirectInputEvents = YES;
				INFOPLIST_KEY_UILaunchStoryboardName = LaunchScreen;
				INFOPLIST_KEY_UISupportedInterfaceOrientations_iPad = "UIInterfaceOrientationPortrait UIInterfaceOrientationPortraitUpsideDown UIInterfaceOrientationLandscapeLeft UIInterfaceOrientationLandscapeRight";
				INFOPLIST_KEY_UISupportedInterfaceOrientations_iPhone = "UIInterfaceOrientationPortrait UIInterfaceOrientationLandscapeLeft UIInterfaceOrientationLandscapeRight";
				LD_RUNPATH_SEARCH_PATHS = (
					"$(inherited)",
					"@executable_path/Frameworks",
				);
				MARKETING_VERSION = 1.0;
				PRODUCT_BUNDLE_IDENTIFIER = AlexNoizzzz.FirstAppUIKit;
				PRODUCT_NAME = "$(TARGET_NAME)";
				SWIFT_EMIT_LOC_STRINGS = YES;
				SWIFT_VERSION = 5.0;
				TARGETED_DEVICE_FAMILY = "1,2";
			};
			name = Release;
		};
		10A4CAEE2B0676B200BCCA13 /* Debug */ = {
			isa = XCBuildConfiguration;
			buildSettings = {
				ALWAYS_EMBED_SWIFT_STANDARD_LIBRARIES = YES;
				BUNDLE_LOADER = "$(TEST_HOST)";
				CODE_SIGN_STYLE = Automatic;
				CURRENT_PROJECT_VERSION = 1;
				DEVELOPMENT_TEAM = A2U63MLX35;
				GENERATE_INFOPLIST_FILE = YES;
				IPHONEOS_DEPLOYMENT_TARGET = 17.0;
				MARKETING_VERSION = 1.0;
				PRODUCT_BUNDLE_IDENTIFIER = AlexNoizzzz.FirstAppUIKitTests;
				PRODUCT_NAME = "$(TARGET_NAME)";
				SWIFT_EMIT_LOC_STRINGS = NO;
				SWIFT_VERSION = 5.0;
				TARGETED_DEVICE_FAMILY = "1,2";
				TEST_HOST = "$(BUILT_PRODUCTS_DIR)/FirstAppUIKit.app/$(BUNDLE_EXECUTABLE_FOLDER_PATH)/FirstAppUIKit";
			};
			name = Debug;
		};
		10A4CAEF2B0676B200BCCA13 /* Release */ = {
			isa = XCBuildConfiguration;
			buildSettings = {
				ALWAYS_EMBED_SWIFT_STANDARD_LIBRARIES = YES;
				BUNDLE_LOADER = "$(TEST_HOST)";
				CODE_SIGN_STYLE = Automatic;
				CURRENT_PROJECT_VERSION = 1;
				DEVELOPMENT_TEAM = A2U63MLX35;
				GENERATE_INFOPLIST_FILE = YES;
				IPHONEOS_DEPLOYMENT_TARGET = 17.0;
				MARKETING_VERSION = 1.0;
				PRODUCT_BUNDLE_IDENTIFIER = AlexNoizzzz.FirstAppUIKitTests;
				PRODUCT_NAME = "$(TARGET_NAME)";
				SWIFT_EMIT_LOC_STRINGS = NO;
				SWIFT_VERSION = 5.0;
				TARGETED_DEVICE_FAMILY = "1,2";
				TEST_HOST = "$(BUILT_PRODUCTS_DIR)/FirstAppUIKit.app/$(BUNDLE_EXECUTABLE_FOLDER_PATH)/FirstAppUIKit";
			};
			name = Release;
		};
		10A4CAF12B0676B200BCCA13 /* Debug */ = {
			isa = XCBuildConfiguration;
			buildSettings = {
				ALWAYS_EMBED_SWIFT_STANDARD_LIBRARIES = YES;
				CODE_SIGN_STYLE = Automatic;
				CURRENT_PROJECT_VERSION = 1;
				DEVELOPMENT_TEAM = A2U63MLX35;
				GENERATE_INFOPLIST_FILE = YES;
				MARKETING_VERSION = 1.0;
				PRODUCT_BUNDLE_IDENTIFIER = AlexNoizzzz.FirstAppUIKitUITests;
				PRODUCT_NAME = "$(TARGET_NAME)";
				SWIFT_EMIT_LOC_STRINGS = NO;
				SWIFT_VERSION = 5.0;
				TARGETED_DEVICE_FAMILY = "1,2";
				TEST_TARGET_NAME = FirstAppUIKit;
			};
			name = Debug;
		};
		10A4CAF22B0676B200BCCA13 /* Release */ = {
			isa = XCBuildConfiguration;
			buildSettings = {
				ALWAYS_EMBED_SWIFT_STANDARD_LIBRARIES = YES;
				CODE_SIGN_STYLE = Automatic;
				CURRENT_PROJECT_VERSION = 1;
				DEVELOPMENT_TEAM = A2U63MLX35;
				GENERATE_INFOPLIST_FILE = YES;
				MARKETING_VERSION = 1.0;
				PRODUCT_BUNDLE_IDENTIFIER = AlexNoizzzz.FirstAppUIKitUITests;
				PRODUCT_NAME = "$(TARGET_NAME)";
				SWIFT_EMIT_LOC_STRINGS = NO;
				SWIFT_VERSION = 5.0;
				TARGETED_DEVICE_FAMILY = "1,2";
				TEST_TARGET_NAME = FirstAppUIKit;
			};
			name = Release;
		};
/* End XCBuildConfiguration section */

/* Begin XCConfigurationList section */
		10A4CABB2B0676B100BCCA13 /* Build configuration list for PBXProject "FirstAppUIKit" */ = {
			isa = XCConfigurationList;
			buildConfigurations = (
				10A4CAE82B0676B200BCCA13 /* Debug */,
				10A4CAE92B0676B200BCCA13 /* Release */,
			);
			defaultConfigurationIsVisible = 0;
			defaultConfigurationName = Release;
		};
		10A4CAEA2B0676B200BCCA13 /* Build configuration list for PBXNativeTarget "FirstAppUIKit" */ = {
			isa = XCConfigurationList;
			buildConfigurations = (
				10A4CAEB2B0676B200BCCA13 /* Debug */,
				10A4CAEC2B0676B200BCCA13 /* Release */,
			);
			defaultConfigurationIsVisible = 0;
			defaultConfigurationName = Release;
		};
		10A4CAED2B0676B200BCCA13 /* Build configuration list for PBXNativeTarget "FirstAppUIKitTests" */ = {
			isa = XCConfigurationList;
			buildConfigurations = (
				10A4CAEE2B0676B200BCCA13 /* Debug */,
				10A4CAEF2B0676B200BCCA13 /* Release */,
			);
			defaultConfigurationIsVisible = 0;
			defaultConfigurationName = Release;
		};
		10A4CAF02B0676B200BCCA13 /* Build configuration list for PBXNativeTarget "FirstAppUIKitUITests" */ = {
			isa = XCConfigurationList;
			buildConfigurations = (
				10A4CAF12B0676B200BCCA13 /* Debug */,
				10A4CAF22B0676B200BCCA13 /* Release */,
			);
			defaultConfigurationIsVisible = 0;
			defaultConfigurationName = Release;
		};
/* End XCConfigurationList section */

/* Begin XCVersionGroup section */
		10EE030C2B2AEE7C0061C23F /* CoreDataModel.xcdatamodeld */ = {
			isa = XCVersionGroup;
			children = (
				10EE030D2B2AEE7C0061C23F /* CoreDataModel.xcdatamodel */,
			);
			currentVersion = 10EE030D2B2AEE7C0061C23F /* CoreDataModel.xcdatamodel */;
			path = CoreDataModel.xcdatamodeld;
			sourceTree = "<group>";
			versionGroupType = wrapper.xcdatamodel;
		};
/* End XCVersionGroup section */
	};
	rootObject = 10A4CAB82B0676B100BCCA13 /* Project object */;
}
